
Microsoft Visual Studio Solution File, Format Version 12.00
# Visual Studio Version 16
VisualStudioVersion = 16.0.30804.86
MinimumVisualStudioVersion = 10.0.40219.1
Project("{FAE04EC0-301F-11D3-BF4B-00C04F79EFBC}") = "HttpServer_", "HttpServer_\HttpServer_.csproj", "{8F0FA603-A2CC-4B26-8AAA-CC14A522F36F}"
EndProject
Global
	GlobalSection(SolutionConfigurationPlatforms) = preSolution
		Debug|Any CPU = Debug|Any CPU
		Release|Any CPU = Release|Any CPU
	EndGlobalSection
	GlobalSection(ProjectConfigurationPlatforms) = postSolution
		{8F0FA603-A2CC-4B26-8AAA-CC14A522F36F}.Debug|Any CPU.ActiveCfg = Debug|Any CPU
		{8F0FA603-A2CC-4B26-8AAA-CC14A522F36F}.Debug|Any CPU.Build.0 = Debug|Any CPU
		{8F0FA603-A2CC-4B26-8AAA-CC14A522F36F}.Release|Any CPU.ActiveCfg = Release|Any CPU
		{8F0FA603-A2CC-4B26-8AAA-CC14A522F36F}.Release|Any CPU.Build.0 = Release|Any CPU
	EndGlobalSection
	GlobalSection(SolutionProperties) = preSolution
		HideSolutionNode = FALSE
	EndGlobalSection
	GlobalSection(ExtensibilityGlobals) = postSolution
		SolutionGuid = {7298863C-5AE8-4236-B9E9-1416EAD2BA0D}
	EndGlobalSection
EndGlobal
