
Microsoft Visual Studio Solution File, Format Version 12.00
# Visual Studio Version 16
VisualStudioVersion = 16.0.30804.86
MinimumVisualStudioVersion = 10.0.40219.1
Project("{FAE04EC0-301F-11D3-BF4B-00C04F79EFBC}") = "JsonSample", "JsonSample\JsonSample.csproj", "{FD7AE709-D7EF-4A6C-B5CB-77CCEC81BC2E}"
EndProject
Global
	GlobalSection(SolutionConfigurationPlatforms) = preSolution
		Debug|Any CPU = Debug|Any CPU
		Release|Any CPU = Release|Any CPU
	EndGlobalSection
	GlobalSection(ProjectConfigurationPlatforms) = postSolution
		{FD7AE709-D7EF-4A6C-B5CB-77CCEC81BC2E}.Debug|Any CPU.ActiveCfg = Debug|Any CPU
		{FD7AE709-D7EF-4A6C-B5CB-77CCEC81BC2E}.Debug|Any CPU.Build.0 = Debug|Any CPU
		{FD7AE709-D7EF-4A6C-B5CB-77CCEC81BC2E}.Release|Any CPU.ActiveCfg = Release|Any CPU
		{FD7AE709-D7EF-4A6C-B5CB-77CCEC81BC2E}.Release|Any CPU.Build.0 = Release|Any CPU
	EndGlobalSection
	GlobalSection(SolutionProperties) = preSolution
		HideSolutionNode = FALSE
	EndGlobalSection
	GlobalSection(ExtensibilityGlobals) = postSolution
		SolutionGuid = {80165718-005D-4045-ABDA-0177E4B5A6FE}
	EndGlobalSection
EndGlobal
