
Microsoft Visual Studio Solution File, Format Version 12.00
# Visual Studio Version 16
VisualStudioVersion = 16.0.30804.86
MinimumVisualStudioVersion = 10.0.40219.1
Project("{FAE04EC0-301F-11D3-BF4B-00C04F79EFBC}") = "DataStructure_", "DataStructure_\DataStructure_.csproj", "{B343B11E-D74E-4015-9A79-DC566371BC68}"
EndProject
Global
	GlobalSection(SolutionConfigurationPlatforms) = preSolution
		Debug|Any CPU = Debug|Any CPU
		Release|Any CPU = Release|Any CPU
	EndGlobalSection
	GlobalSection(ProjectConfigurationPlatforms) = postSolution
		{B343B11E-D74E-4015-9A79-DC566371BC68}.Debug|Any CPU.ActiveCfg = Debug|Any CPU
		{B343B11E-D74E-4015-9A79-DC566371BC68}.Debug|Any CPU.Build.0 = Debug|Any CPU
		{B343B11E-D74E-4015-9A79-DC566371BC68}.Release|Any CPU.ActiveCfg = Release|Any CPU
		{B343B11E-D74E-4015-9A79-DC566371BC68}.Release|Any CPU.Build.0 = Release|Any CPU
	EndGlobalSection
	GlobalSection(SolutionProperties) = preSolution
		HideSolutionNode = FALSE
	EndGlobalSection
	GlobalSection(ExtensibilityGlobals) = postSolution
		SolutionGuid = {F87A1072-E092-49DA-9771-62C7BDC121FA}
	EndGlobalSection
EndGlobal
