
Microsoft Visual Studio Solution File, Format Version 12.00
# Visual Studio Version 16
VisualStudioVersion = 16.0.30804.86
MinimumVisualStudioVersion = 10.0.40219.1
Project("{FAE04EC0-301F-11D3-BF4B-00C04F79EFBC}") = "ExternalProgramExecute", "ExternalProgramExecute\ExternalProgramExecute.csproj", "{B1973DE0-778B-47D9-B9C2-98B6665F4729}"
EndProject
Global
	GlobalSection(SolutionConfigurationPlatforms) = preSolution
		Debug|Any CPU = Debug|Any CPU
		Release|Any CPU = Release|Any CPU
	EndGlobalSection
	GlobalSection(ProjectConfigurationPlatforms) = postSolution
		{B1973DE0-778B-47D9-B9C2-98B6665F4729}.Debug|Any CPU.ActiveCfg = Debug|Any CPU
		{B1973DE0-778B-47D9-B9C2-98B6665F4729}.Debug|Any CPU.Build.0 = Debug|Any CPU
		{B1973DE0-778B-47D9-B9C2-98B6665F4729}.Release|Any CPU.ActiveCfg = Release|Any CPU
		{B1973DE0-778B-47D9-B9C2-98B6665F4729}.Release|Any CPU.Build.0 = Release|Any CPU
	EndGlobalSection
	GlobalSection(SolutionProperties) = preSolution
		HideSolutionNode = FALSE
	EndGlobalSection
	GlobalSection(ExtensibilityGlobals) = postSolution
		SolutionGuid = {911707A1-F7ED-4D22-8BF3-CB393B3F7CC9}
	EndGlobalSection
EndGlobal
