
Microsoft Visual Studio Solution File, Format Version 12.00
# Visual Studio Version 16
VisualStudioVersion = 16.0.30804.86
MinimumVisualStudioVersion = 10.0.40219.1
Project("{FAE04EC0-301F-11D3-BF4B-00C04F79EFBC}") = "Req_3", "Req_3\Req_3.csproj", "{8221BF85-FA92-467E-8670-3A2EE2296FA4}"
EndProject
Global
	GlobalSection(SolutionConfigurationPlatforms) = preSolution
		Debug|Any CPU = Debug|Any CPU
		Release|Any CPU = Release|Any CPU
	EndGlobalSection
	GlobalSection(ProjectConfigurationPlatforms) = postSolution
		{8221BF85-FA92-467E-8670-3A2EE2296FA4}.Debug|Any CPU.ActiveCfg = Debug|Any CPU
		{8221BF85-FA92-467E-8670-3A2EE2296FA4}.Debug|Any CPU.Build.0 = Debug|Any CPU
		{8221BF85-FA92-467E-8670-3A2EE2296FA4}.Release|Any CPU.ActiveCfg = Release|Any CPU
		{8221BF85-FA92-467E-8670-3A2EE2296FA4}.Release|Any CPU.Build.0 = Release|Any CPU
	EndGlobalSection
	GlobalSection(SolutionProperties) = preSolution
		HideSolutionNode = FALSE
	EndGlobalSection
	GlobalSection(ExtensibilityGlobals) = postSolution
		SolutionGuid = {54BB7770-92A3-407F-A0AE-23EC65CBE6B0}
	EndGlobalSection
EndGlobal
