
Microsoft Visual Studio Solution File, Format Version 12.00
# Visual Studio Version 16
VisualStudioVersion = 16.0.30804.86
MinimumVisualStudioVersion = 10.0.40219.1
Project("{FAE04EC0-301F-11D3-BF4B-00C04F79EFBC}") = "ControlFlowStatement", "ControlFlowStatement\ControlFlowStatement.csproj", "{BBB09EB0-EC7D-405B-9279-C26BFB877D7A}"
EndProject
Global
	GlobalSection(SolutionConfigurationPlatforms) = preSolution
		Debug|Any CPU = Debug|Any CPU
		Release|Any CPU = Release|Any CPU
	EndGlobalSection
	GlobalSection(ProjectConfigurationPlatforms) = postSolution
		{BBB09EB0-EC7D-405B-9279-C26BFB877D7A}.Debug|Any CPU.ActiveCfg = Debug|Any CPU
		{BBB09EB0-EC7D-405B-9279-C26BFB877D7A}.Debug|Any CPU.Build.0 = Debug|Any CPU
		{BBB09EB0-EC7D-405B-9279-C26BFB877D7A}.Release|Any CPU.ActiveCfg = Release|Any CPU
		{BBB09EB0-EC7D-405B-9279-C26BFB877D7A}.Release|Any CPU.Build.0 = Release|Any CPU
	EndGlobalSection
	GlobalSection(SolutionProperties) = preSolution
		HideSolutionNode = FALSE
	EndGlobalSection
	GlobalSection(ExtensibilityGlobals) = postSolution
		SolutionGuid = {0DF5B964-ACEC-4EAE-8943-8B650AB4477B}
	EndGlobalSection
EndGlobal
