
Microsoft Visual Studio Solution File, Format Version 12.00
# Visual Studio Version 16
VisualStudioVersion = 16.0.30804.86
MinimumVisualStudioVersion = 10.0.40219.1
Project("{FAE04EC0-301F-11D3-BF4B-00C04F79EFBC}") = "NetworkClass_", "NetworkClass_\NetworkClass_.csproj", "{860AA73F-4B38-4A24-9CA9-38F038352CCF}"
EndProject
Global
	GlobalSection(SolutionConfigurationPlatforms) = preSolution
		Debug|Any CPU = Debug|Any CPU
		Release|Any CPU = Release|Any CPU
	EndGlobalSection
	GlobalSection(ProjectConfigurationPlatforms) = postSolution
		{860AA73F-4B38-4A24-9CA9-38F038352CCF}.Debug|Any CPU.ActiveCfg = Debug|Any CPU
		{860AA73F-4B38-4A24-9CA9-38F038352CCF}.Debug|Any CPU.Build.0 = Debug|Any CPU
		{860AA73F-4B38-4A24-9CA9-38F038352CCF}.Release|Any CPU.ActiveCfg = Release|Any CPU
		{860AA73F-4B38-4A24-9CA9-38F038352CCF}.Release|Any CPU.Build.0 = Release|Any CPU
	EndGlobalSection
	GlobalSection(SolutionProperties) = preSolution
		HideSolutionNode = FALSE
	EndGlobalSection
	GlobalSection(ExtensibilityGlobals) = postSolution
		SolutionGuid = {647B2C65-C485-4A0E-A53A-BBA73DFCFA3F}
	EndGlobalSection
EndGlobal
