
Microsoft Visual Studio Solution File, Format Version 12.00
# Visual Studio Version 16
VisualStudioVersion = 16.0.30804.86
MinimumVisualStudioVersion = 10.0.40219.1
Project("{FAE04EC0-301F-11D3-BF4B-00C04F79EFBC}") = "Console_IO", "Console_IO\Console_IO.csproj", "{E8A3A474-9B7F-44FF-9B27-82DBCDD0E05E}"
EndProject
Global
	GlobalSection(SolutionConfigurationPlatforms) = preSolution
		Debug|Any CPU = Debug|Any CPU
		Release|Any CPU = Release|Any CPU
	EndGlobalSection
	GlobalSection(ProjectConfigurationPlatforms) = postSolution
		{E8A3A474-9B7F-44FF-9B27-82DBCDD0E05E}.Debug|Any CPU.ActiveCfg = Debug|Any CPU
		{E8A3A474-9B7F-44FF-9B27-82DBCDD0E05E}.Debug|Any CPU.Build.0 = Debug|Any CPU
		{E8A3A474-9B7F-44FF-9B27-82DBCDD0E05E}.Release|Any CPU.ActiveCfg = Release|Any CPU
		{E8A3A474-9B7F-44FF-9B27-82DBCDD0E05E}.Release|Any CPU.Build.0 = Release|Any CPU
	EndGlobalSection
	GlobalSection(SolutionProperties) = preSolution
		HideSolutionNode = FALSE
	EndGlobalSection
	GlobalSection(ExtensibilityGlobals) = postSolution
		SolutionGuid = {62132E66-0523-455F-B164-0FCBF67537F7}
	EndGlobalSection
EndGlobal
